
Microsoft Visual Studio Solution File, Format Version 12.00
# Visual Studio Version 17
VisualStudioVersion = 17.11.35219.272
MinimumVisualStudioVersion = 10.0.40219.1
Project("{FAE04EC0-301F-11D3-BF4B-00C04F79EFBC}") = "conversor Moeda", "conversor Moeda.csproj", "{D158D068-5541-4A33-9A7D-DE2B1AE717BF}"
EndProject
Global
	GlobalSection(SolutionConfigurationPlatforms) = preSolution
		Debug|Any CPU = Debug|Any CPU
		Release|Any CPU = Release|Any CPU
	EndGlobalSection
	GlobalSection(ProjectConfigurationPlatforms) = postSolution
		{D158D068-5541-4A33-9A7D-DE2B1AE717BF}.Debug|Any CPU.ActiveCfg = Debug|Any CPU
		{D158D068-5541-4A33-9A7D-DE2B1AE717BF}.Debug|Any CPU.Build.0 = Debug|Any CPU
		{D158D068-5541-4A33-9A7D-DE2B1AE717BF}.Release|Any CPU.ActiveCfg = Release|Any CPU
		{D158D068-5541-4A33-9A7D-DE2B1AE717BF}.Release|Any CPU.Build.0 = Release|Any CPU
	EndGlobalSection
	GlobalSection(SolutionProperties) = preSolution
		HideSolutionNode = FALSE
	EndGlobalSection
	GlobalSection(ExtensibilityGlobals) = postSolution
		SolutionGuid = {6AF73267-4C9B-4570-99E7-D4FB22B4FE19}
	EndGlobalSection
EndGlobal
